
Microsoft Visual Studio Solution File, Format Version 12.00
# Visual Studio Version 16
VisualStudioVersion = 16.0.30225.117
MinimumVisualStudioVersion = 10.0.40219.1
Project("{FAE04EC0-301F-11D3-BF4B-00C04F79EFBC}") = "musicallychallenged", "musicallychallenged\musicallychallenged.csproj", "{EEADB245-8DCB-49B0-B891-F57222312737}"
EndProject
Project("{FAE04EC0-301F-11D3-BF4B-00C04F79EFBC}") = "tests", "tests\tests.csproj", "{27EFF01F-8809-4A0E-BC64-30C092E37F7A}"
EndProject
Global
	GlobalSection(SolutionConfigurationPlatforms) = preSolution
		Debug|Any CPU = Debug|Any CPU
		Release|Any CPU = Release|Any CPU
	EndGlobalSection
	GlobalSection(ProjectConfigurationPlatforms) = postSolution
		{EEADB245-8DCB-49B0-B891-F57222312737}.Debug|Any CPU.ActiveCfg = Debug|Any CPU
		{EEADB245-8DCB-49B0-B891-F57222312737}.Debug|Any CPU.Build.0 = Debug|Any CPU
		{EEADB245-8DCB-49B0-B891-F57222312737}.Release|Any CPU.ActiveCfg = Release|Any CPU
		{EEADB245-8DCB-49B0-B891-F57222312737}.Release|Any CPU.Build.0 = Release|Any CPU
		{27EFF01F-8809-4A0E-BC64-30C092E37F7A}.Debug|Any CPU.ActiveCfg = Debug|Any CPU
		{27EFF01F-8809-4A0E-BC64-30C092E37F7A}.Debug|Any CPU.Build.0 = Debug|Any CPU
		{27EFF01F-8809-4A0E-BC64-30C092E37F7A}.Release|Any CPU.ActiveCfg = Release|Any CPU
		{27EFF01F-8809-4A0E-BC64-30C092E37F7A}.Release|Any CPU.Build.0 = Release|Any CPU
	EndGlobalSection
	GlobalSection(SolutionProperties) = preSolution
		HideSolutionNode = FALSE
	EndGlobalSection
	GlobalSection(ExtensibilityGlobals) = postSolution
		SolutionGuid = {F394391D-88F2-4505-812A-E476D32E3BB2}
	EndGlobalSection
EndGlobal
